
Microsoft Visual Studio Solution File, Format Version 12.00
# Visual Studio Version 16
VisualStudioVersion = 16.0.31702.278
MinimumVisualStudioVersion = 10.0.40219.1
Project("{FAE04EC0-301F-11D3-BF4B-00C04F79EFBC}") = "ServerConfigForm-P5-049", "ServerConfigForm-P5-049\ServerConfigForm-P5-049.csproj", "{AA12FE20-97A9-490D-A4C0-3BDAC63F858B}"
EndProject
Global
	GlobalSection(SolutionConfigurationPlatforms) = preSolution
		Debug|Any CPU = Debug|Any CPU
		Release|Any CPU = Release|Any CPU
	EndGlobalSection
	GlobalSection(ProjectConfigurationPlatforms) = postSolution
		{AA12FE20-97A9-490D-A4C0-3BDAC63F858B}.Debug|Any CPU.ActiveCfg = Debug|Any CPU
		{AA12FE20-97A9-490D-A4C0-3BDAC63F858B}.Debug|Any CPU.Build.0 = Debug|Any CPU
		{AA12FE20-97A9-490D-A4C0-3BDAC63F858B}.Release|Any CPU.ActiveCfg = Release|Any CPU
		{AA12FE20-97A9-490D-A4C0-3BDAC63F858B}.Release|Any CPU.Build.0 = Release|Any CPU
	EndGlobalSection
	GlobalSection(SolutionProperties) = preSolution
		HideSolutionNode = FALSE
	EndGlobalSection
	GlobalSection(ExtensibilityGlobals) = postSolution
		SolutionGuid = {8A6587B8-F4E0-400C-95F6-1C6C1D1C0C75}
	EndGlobalSection
EndGlobal
